// !$*UTF8*$!
{
	archiveVersion = 1;
	classes = {
	};
	objectVersion = 56;
	objects = {

/* Begin PBXBuildFile section */
		5B0BCE462BD67D400079A08E /* AppDelegate.swift in Sources */ = {isa = PBXBuildFile; fileRef = 5B0BCE452BD67D400079A08E /* AppDelegate.swift */; };
		5B0BCE482BD67D400079A08E /* ViewController.swift in Sources */ = {isa = PBXBuildFile; fileRef = 5B0BCE472BD67D400079A08E /* ViewController.swift */; };
		5B0BCE4A2BD67D410079A08E /* Assets.xcassets in Resources */ = {isa = PBXBuildFile; fileRef = 5B0BCE492BD67D410079A08E /* Assets.xcassets */; };
		5B0BCE4D2BD67D410079A08E /* Base in Resources */ = {isa = PBXBuildFile; fileRef = 5B0BCE4C2BD67D410079A08E /* Base */; };
		5B0BCE552BD67D5C0079A08E /* NSFW.mlmodel in Sources */ = {isa = PBXBuildFile; fileRef = 5B0BCE542BD67D5C0079A08E /* NSFW.mlmodel */; };
		5BE34CD62BD6841800522E99 /* CustomTableCellView.xib in Resources */ = {isa = PBXBuildFile; fileRef = 5BE34CD52BD6841800522E99 /* CustomTableCellView.xib */; };
/* End PBXBuildFile section */

/* Begin PBXFileReference section */
		5B0BCE422BD67D400079A08E /* nsfwmacos.app */ = {isa = PBXFileReference; explicitFileType = wrapper.application; includeInIndex = 0; path = nsfwmacos.app; sourceTree = BUILT_PRODUCTS_DIR; };
		5B0BCE452BD67D400079A08E /* AppDelegate.swift */ = {isa = PBXFileReference; lastKnownFileType = sourcecode.swift; path = AppDelegate.swift; sourceTree = "<group>"; };
		5B0BCE472BD67D400079A08E /* ViewController.swift */ = {isa = PBXFileReference; lastKnownFileType = sourcecode.swift; path = ViewController.swift; sourceTree = "<group>"; };
		5B0BCE492BD67D410079A08E /* Assets.xcassets */ = {isa = PBXFileReference; lastKnownFileType = folder.assetcatalog; path = Assets.xcassets; sourceTree = "<group>"; };
		5B0BCE4C2BD67D410079A08E /* Base */ = {isa = PBXFileReference; lastKnownFileType = file.storyboard; name = Base; path = Base.lproj/Main.storyboard; sourceTree = "<group>"; };
		5B0BCE4E2BD67D410079A08E /* nsfwmacos.entitlements */ = {isa = PBXFileReference; lastKnownFileType = text.plist.entitlements; path = nsfwmacos.entitlements; sourceTree = "<group>"; };
		5B0BCE542BD67D5C0079A08E /* NSFW.mlmodel */ = {isa = PBXFileReference; lastKnownFileType = file.mlmodel; path = NSFW.mlmodel; sourceTree = "<group>"; };
		5BE34CD52BD6841800522E99 /* CustomTableCellView.xib */ = {isa = PBXFileReference; lastKnownFileType = file.xib; path = CustomTableCellView.xib; sourceTree = "<group>"; };
/* End PBXFileReference section */

/* Begin PBXFrameworksBuildPhase section */
		5B0BCE3F2BD67D400079A08E /* Frameworks */ = {
			isa = PBXFrameworksBuildPhase;
			buildActionMask = 2147483647;
			files = (
			);
			runOnlyForDeploymentPostprocessing = 0;
		};
/* End PBXFrameworksBuildPhase section */

/* Begin PBXGroup section */
		5B0BCE392BD67D400079A08E = {
			isa = PBXGroup;
			children = (
				5B0BCE442BD67D400079A08E /* nsfwmacos */,
				5B0BCE432BD67D400079A08E /* Products */,
			);
			sourceTree = "<group>";
		};
		5B0BCE432BD67D400079A08E /* Products */ = {
			isa = PBXGroup;
			children = (
				5B0BCE422BD67D400079A08E /* nsfwmacos.app */,
			);
			name = Products;
			sourceTree = "<group>";
		};
		5B0BCE442BD67D400079A08E /* nsfwmacos */ = {
			isa = PBXGroup;
			children = (
				5B0BCE452BD67D400079A08E /* AppDelegate.swift */,
				5B0BCE472BD67D400079A08E /* ViewController.swift */,
				5B0BCE542BD67D5C0079A08E /* NSFW.mlmodel */,
				5BE34CD52BD6841800522E99 /* CustomTableCellView.xib */,
				5B0BCE492BD67D410079A08E /* Assets.xcassets */,
				5B0BCE4B2BD67D410079A08E /* Main.storyboard */,
				5B0BCE4E2BD67D410079A08E /* nsfwmacos.entitlements */,
			);
			path = nsfwmacos;
			sourceTree = "<group>";
		};
/* End PBXGroup section */

/* Begin PBXNativeTarget section */
		5B0BCE412BD67D400079A08E /* nsfwmacos */ = {
			isa = PBXNativeTarget;
			buildConfigurationList = 5B0BCE512BD67D410079A08E /* Build configuration list for PBXNativeTarget "nsfwmacos" */;
			buildPhases = (
				5B0BCE3E2BD67D400079A08E /* Sources */,
				5B0BCE3F2BD67D400079A08E /* Frameworks */,
				5B0BCE402BD67D400079A08E /* Resources */,
			);
			buildRules = (
			);
			dependencies = (
			);
			name = nsfwmacos;
			productName = nsfwmacos;
			productReference = 5B0BCE422BD67D400079A08E /* nsfwmacos.app */;
			productType = "com.apple.product-type.application";
		};
/* End PBXNativeTarget section */

/* Begin PBXProject section */
		5B0BCE3A2BD67D400079A08E /* Project object */ = {
			isa = PBXProject;
			attributes = {
				BuildIndependentTargetsInParallel = 1;
				LastSwiftUpdateCheck = 1530;
				LastUpgradeCheck = 1530;
				TargetAttributes = {
					5B0BCE412BD67D400079A08E = {
						CreatedOnToolsVersion = 15.3;
					};
				};
			};
			buildConfigurationList = 5B0BCE3D2BD67D400079A08E /* Build configuration list for PBXProject "nsfwmacos" */;
			compatibilityVersion = "Xcode 14.0";
			developmentRegion = en;
			hasScannedForEncodings = 0;
			knownRegions = (
				en,
				Base,
			);
			mainGroup = 5B0BCE392BD67D400079A08E;
			productRefGroup = 5B0BCE432BD67D400079A08E /* Products */;
			projectDirPath = "";
			projectRoot = "";
			targets = (
				5B0BCE412BD67D400079A08E /* nsfwmacos */,
			);
		};
/* End PBXProject section */

/* Begin PBXResourcesBuildPhase section */
		5B0BCE402BD67D400079A08E /* Resources */ = {
			isa = PBXResourcesBuildPhase;
			buildActionMask = 2147483647;
			files = (
				5BE34CD62BD6841800522E99 /* CustomTableCellView.xib in Resources */,
				5B0BCE4A2BD67D410079A08E /* Assets.xcassets in Resources */,
				5B0BCE4D2BD67D410079A08E /* Base in Resources */,
			);
			runOnlyForDeploymentPostprocessing = 0;
		};
/* End PBXResourcesBuildPhase section */

/* Begin PBXSourcesBuildPhase section */
		5B0BCE3E2BD67D400079A08E /* Sources */ = {
			isa = PBXSourcesBuildPhase;
			buildActionMask = 2147483647;
			files = (
				5B0BCE482BD67D400079A08E /* ViewController.swift in Sources */,
				5B0BCE462BD67D400079A08E /* AppDelegate.swift in Sources */,
				5B0BCE552BD67D5C0079A08E /* NSFW.mlmodel in Sources */,
			);
			runOnlyForDeploymentPostprocessing = 0;
		};
/* End PBXSourcesBuildPhase section */

/* Begin PBXVariantGroup section */
		5B0BCE4B2BD67D410079A08E /* Main.storyboard */ = {
			isa = PBXVariantGroup;
			children = (
				5B0BCE4C2BD67D410079A08E /* Base */,
			);
			name = Main.storyboard;
			sourceTree = "<group>";
		};
/* End PBXVariantGroup section */

/* Begin XCBuildConfiguration section */
		5B0BCE4F2BD67D410079A08E /* Debug */ = {
			isa = XCBuildConfiguration;
			buildSettings = {
				ALWAYS_SEARCH_USER_PATHS = NO;
				ASSETCATALOG_COMPILER_GENERATE_SWIFT_ASSET_SYMBOL_EXTENSIONS = YES;
				CLANG_ANALYZER_NONNULL = YES;
				CLANG_ANALYZER_NUMBER_OBJECT_CONVERSION = YES_AGGRESSIVE;
				CLANG_CXX_LANGUAGE_STANDARD = "gnu++20";
				CLANG_ENABLE_MODULES = YES;
				CLANG_ENABLE_OBJC_ARC = YES;
				CLANG_ENABLE_OBJC_WEAK = YES;
				CLANG_WARN_BLOCK_CAPTURE_AUTORELEASING = YES;
				CLANG_WARN_BOOL_CONVERSION = YES;
				CLANG_WARN_COMMA = YES;
				CLANG_WARN_CONSTANT_CONVERSION = YES;
				CLANG_WARN_DEPRECATED_OBJC_IMPLEMENTATIONS = YES;
				CLANG_WARN_DIRECT_OBJC_ISA_USAGE = YES_ERROR;
				CLANG_WARN_DOCUMENTATION_COMMENTS = YES;
				CLANG_WARN_EMPTY_BODY = YES;
				CLANG_WARN_ENUM_CONVERSION = YES;
				CLANG_WARN_INFINITE_RECURSION = YES;
				CLANG_WARN_INT_CONVERSION = YES;
				CLANG_WARN_NON_LITERAL_NULL_CONVERSION = YES;
				CLANG_WARN_OBJC_IMPLICIT_RETAIN_SELF = YES;
				CLANG_WARN_OBJC_LITERAL_CONVERSION = YES;
				CLANG_WARN_OBJC_ROOT_CLASS = YES_ERROR;
				CLANG_WARN_QUOTED_INCLUDE_IN_FRAMEWORK_HEADER = YES;
				CLANG_WARN_RANGE_LOOP_ANALYSIS = YES;
				CLANG_WARN_STRICT_PROTOTYPES = YES;
				CLANG_WARN_SUSPICIOUS_MOVE = YES;
				CLANG_WARN_UNGUARDED_AVAILABILITY = YES_AGGRESSIVE;
				CLANG_WARN_UNREACHABLE_CODE = YES;
				CLANG_WARN__DUPLICATE_METHOD_MATCH = YES;
				COPY_PHASE_STRIP = NO;
				DEBUG_INFORMATION_FORMAT = dwarf;
				ENABLE_STRICT_OBJC_MSGSEND = YES;
				ENABLE_TESTABILITY = YES;
				ENABLE_USER_SCRIPT_SANDBOXING = YES;
				GCC_C_LANGUAGE_STANDARD = gnu17;
				GCC_DYNAMIC_NO_PIC = NO;
				GCC_NO_COMMON_BLOCKS = YES;
				GCC_OPTIMIZATION_LEVEL = 0;
				GCC_PREPROCESSOR_DEFINITIONS = (
					"DEBUG=1",
					"$(inherited)",
				);
				GCC_WARN_64_TO_32_BIT_CONVERSION = YES;
				GCC_WARN_ABOUT_RETURN_TYPE = YES_ERROR;
				GCC_WARN_UNDECLARED_SELECTOR = YES;
				GCC_WARN_UNINITIALIZED_AUTOS = YES_AGGRESSIVE;
				GCC_WARN_UNUSED_FUNCTION = YES;
				GCC_WARN_UNUSED_VARIABLE = YES;
				LOCALIZATION_PREFERS_STRING_CATALOGS = YES;
				MACOSX_DEPLOYMENT_TARGET = 14.4;
				MTL_ENABLE_DEBUG_INFO = INCLUDE_SOURCE;
				MTL_FAST_MATH = YES;
				ONLY_ACTIVE_ARCH = YES;
				SDKROOT = macosx;
				SWIFT_ACTIVE_COMPILATION_CONDITIONS = "DEBUG $(inherited)";
				SWIFT_OPTIMIZATION_LEVEL = "-Onone";
			};
			name = Debug;
		};
		5B0BCE502BD67D410079A08E /* Release */ = {
			isa = XCBuildConfiguration;
			buildSettings = {
				ALWAYS_SEARCH_USER_PATHS = NO;
				ASSETCATALOG_COMPILER_GENERATE_SWIFT_ASSET_SYMBOL_EXTENSIONS = YES;
				CLANG_ANALYZER_NONNULL = YES;
				CLANG_ANALYZER_NUMBER_OBJECT_CONVERSION = YES_AGGRESSIVE;
				CLANG_CXX_LANGUAGE_STANDARD = "gnu++20";
				CLANG_ENABLE_MODULES = YES;
				CLANG_ENABLE_OBJC_ARC = YES;
				CLANG_ENABLE_OBJC_WEAK = YES;
				CLANG_WARN_BLOCK_CAPTURE_AUTORELEASING = YES;
				CLANG_WARN_BOOL_CONVERSION = YES;
				CLANG_WARN_COMMA = YES;
				CLANG_WARN_CONSTANT_CONVERSION = YES;
				CLANG_WARN_DEPRECATED_OBJC_IMPLEMENTATIONS = YES;
				CLANG_WARN_DIRECT_OBJC_ISA_USAGE = YES_ERROR;
				CLANG_WARN_DOCUMENTATION_COMMENTS = YES;
				CLANG_WARN_EMPTY_BODY = YES;
				CLANG_WARN_ENUM_CONVERSION = YES;
				CLANG_WARN_INFINITE_RECURSION = YES;
				CLANG_WARN_INT_CONVERSION = YES;
				CLANG_WARN_NON_LITERAL_NULL_CONVERSION = YES;
				CLANG_WARN_OBJC_IMPLICIT_RETAIN_SELF = YES;
				CLANG_WARN_OBJC_LITERAL_CONVERSION = YES;
				CLANG_WARN_OBJC_ROOT_CLASS = YES_ERROR;
				CLANG_WARN_QUOTED_INCLUDE_IN_FRAMEWORK_HEADER = YES;
				CLANG_WARN_RANGE_LOOP_ANALYSIS = YES;
				CLANG_WARN_STRICT_PROTOTYPES = YES;
				CLANG_WARN_SUSPICIOUS_MOVE = YES;
				CLANG_WARN_UNGUARDED_AVAILABILITY = YES_AGGRESSIVE;
				CLANG_WARN_UNREACHABLE_CODE = YES;
				CLANG_WARN__DUPLICATE_METHOD_MATCH = YES;
				COPY_PHASE_STRIP = NO;
				DEBUG_INFORMATION_FORMAT = "dwarf-with-dsym";
				ENABLE_NS_ASSERTIONS = NO;
				ENABLE_STRICT_OBJC_MSGSEND = YES;
				ENABLE_USER_SCRIPT_SANDBOXING = YES;
				GCC_C_LANGUAGE_STANDARD = gnu17;
				GCC_NO_COMMON_BLOCKS = YES;
				GCC_WARN_64_TO_32_BIT_CONVERSION = YES;
				GCC_WARN_ABOUT_RETURN_TYPE = YES_ERROR;
				GCC_WARN_UNDECLARED_SELECTOR = YES;
				GCC_WARN_UNINITIALIZED_AUTOS = YES_AGGRESSIVE;
				GCC_WARN_UNUSED_FUNCTION = YES;
				GCC_WARN_UNUSED_VARIABLE = YES;
				LOCALIZATION_PREFERS_STRING_CATALOGS = YES;
				MACOSX_DEPLOYMENT_TARGET = 14.4;
				MTL_ENABLE_DEBUG_INFO = NO;
				MTL_FAST_MATH = YES;
				SDKROOT = macosx;
				SWIFT_COMPILATION_MODE = wholemodule;
			};
			name = Release;
		};
		5B0BCE522BD67D410079A08E /* Debug */ = {
			isa = XCBuildConfiguration;
			buildSettings = {
				ASSETCATALOG_COMPILER_APPICON_NAME = AppIcon;
				ASSETCATALOG_COMPILER_GLOBAL_ACCENT_COLOR_NAME = AccentColor;
				CODE_SIGN_ENTITLEMENTS = nsfwmacos/nsfwmacos.entitlements;
				CODE_SIGN_STYLE = Automatic;
				COMBINE_HIDPI_IMAGES = YES;
				CURRENT_PROJECT_VERSION = 1;
				DEVELOPMENT_TEAM = AJG2826637;
				ENABLE_HARDENED_RUNTIME = YES;
				GENERATE_INFOPLIST_FILE = YES;
				INFOPLIST_KEY_NSHumanReadableCopyright = "";
				INFOPLIST_KEY_NSMainStoryboardFile = Main;
				INFOPLIST_KEY_NSPrincipalClass = NSApplication;
				LD_RUNPATH_SEARCH_PATHS = (
					"$(inherited)",
					"@executable_path/../Frameworks",
				);
				MARKETING_VERSION = 1.0;
				PRODUCT_BUNDLE_IDENTIFIER = com.yanguo.nsfwmacos;
				PRODUCT_NAME = "$(TARGET_NAME)";
				SWIFT_EMIT_LOC_STRINGS = YES;
				SWIFT_VERSION = 5.0;
			};
			name = Debug;
		};
		5B0BCE532BD67D410079A08E /* Release */ = {
			isa = XCBuildConfiguration;
			buildSettings = {
				ASSETCATALOG_COMPILER_APPICON_NAME = AppIcon;
				ASSETCATALOG_COMPILER_GLOBAL_ACCENT_COLOR_NAME = AccentColor;
				CODE_SIGN_ENTITLEMENTS = nsfwmacos/nsfwmacos.entitlements;
				CODE_SIGN_STYLE = Automatic;
				COMBINE_HIDPI_IMAGES = YES;
				CURRENT_PROJECT_VERSION = 1;
				DEVELOPMENT_TEAM = AJG2826637;
				ENABLE_HARDENED_RUNTIME = YES;
				GENERATE_INFOPLIST_FILE = YES;
				INFOPLIST_KEY_NSHumanReadableCopyright = "";
				INFOPLIST_KEY_NSMainStoryboardFile = Main;
				INFOPLIST_KEY_NSPrincipalClass = NSApplication;
				LD_RUNPATH_SEARCH_PATHS = (
					"$(inherited)",
					"@executable_path/../Frameworks",
				);
				MARKETING_VERSION = 1.0;
				PRODUCT_BUNDLE_IDENTIFIER = com.yanguo.nsfwmacos;
				PRODUCT_NAME = "$(TARGET_NAME)";
				SWIFT_EMIT_LOC_STRINGS = YES;
				SWIFT_VERSION = 5.0;
			};
			name = Release;
		};
/* End XCBuildConfiguration section */

/* Begin XCConfigurationList section */
		5B0BCE3D2BD67D400079A08E /* Build configuration list for PBXProject "nsfwmacos" */ = {
			isa = XCConfigurationList;
			buildConfigurations = (
				5B0BCE4F2BD67D410079A08E /* Debug */,
				5B0BCE502BD67D410079A08E /* Release */,
			);
			defaultConfigurationIsVisible = 0;
			defaultConfigurationName = Release;
		};
		5B0BCE512BD67D410079A08E /* Build configuration list for PBXNativeTarget "nsfwmacos" */ = {
			isa = XCConfigurationList;
			buildConfigurations = (
				5B0BCE522BD67D410079A08E /* Debug */,
				5B0BCE532BD67D410079A08E /* Release */,
			);
			defaultConfigurationIsVisible = 0;
			defaultConfigurationName = Release;
		};
/* End XCConfigurationList section */
	};
	rootObject = 5B0BCE3A2BD67D400079A08E /* Project object */;
}
